
Microsoft Visual Studio Solution File, Format Version 12.00
# Visual Studio 15
VisualStudioVersion = 15.0.28307.136
MinimumVisualStudioVersion = 10.0.40219.1
Project("{FAE04EC0-301F-11D3-BF4B-00C04F79EFBC}") = "ILoggerDataExtensions", "ILoggerDataExtensions\ILoggerDataExtensions.csproj", "{FB07EFCF-0788-4B54-939F-323E9B515ACB}"
EndProject
Global
	GlobalSection(SolutionConfigurationPlatforms) = preSolution
		Debug|Any CPU = Debug|Any CPU
		Release|Any CPU = Release|Any CPU
	EndGlobalSection
	GlobalSection(ProjectConfigurationPlatforms) = postSolution
		{FB07EFCF-0788-4B54-939F-323E9B515ACB}.Debug|Any CPU.ActiveCfg = Debug|Any CPU
		{FB07EFCF-0788-4B54-939F-323E9B515ACB}.Debug|Any CPU.Build.0 = Debug|Any CPU
		{FB07EFCF-0788-4B54-939F-323E9B515ACB}.Release|Any CPU.ActiveCfg = Release|Any CPU
		{FB07EFCF-0788-4B54-939F-323E9B515ACB}.Release|Any CPU.Build.0 = Release|Any CPU
	EndGlobalSection
	GlobalSection(SolutionProperties) = preSolution
		HideSolutionNode = FALSE
	EndGlobalSection
	GlobalSection(ExtensibilityGlobals) = postSolution
		SolutionGuid = {420C3DEF-A5E7-4C31-BC5E-97B795D7FBEE}
	EndGlobalSection
EndGlobal
